
Microsoft Visual Studio Solution File, Format Version 12.00
Project("{2150E333-8FDC-42A3-9474-1A3956D46DE8}") = "OnionTDD.Core", "OnionTDD.Core", "{DB199348-3E7E-4A51-BC31-A0EC6665FBCD}"
EndProject
Project("{2150E333-8FDC-42A3-9474-1A3956D46DE8}") = "OnionTDD.Infrastructure", "OnionTDD.Infrastructure", "{AB30EEA3-ED40-4067-8B94-00D057198821}"
EndProject
Project("{2150E333-8FDC-42A3-9474-1A3956D46DE8}") = "OnionTDD.Presentation", "OnionTDD.Presentation", "{AEE33D5A-3D93-465D-B9B4-DC87E08EEEBD}"
EndProject
Project("{FAE04EC0-301F-11D3-BF4B-00C04F79EFBC}") = "OnionTDD.Core", "OnionTDD.Core\OnionTDD.Core\OnionTDD.Core.csproj", "{87D899BC-08BD-427A-9801-4601F69AD534}"
EndProject
Project("{FAE04EC0-301F-11D3-BF4B-00C04F79EFBC}") = "OnionTDD.Domain", "OnionTDD.Core\OnionTDD.Domain\OnionTDD.Domain.csproj", "{B1984FBF-640F-4FB2-B902-474C1DDA09C7}"
EndProject
Project("{FAE04EC0-301F-11D3-BF4B-00C04F79EFBC}") = "OnionTDD.DataAccess", "OnionTDD.Infrastructure\OnionTDD.DataAccess\OnionTDD.DataAccess.csproj", "{CEE25C84-5F7E-4F78-ADFF-5FEDB27F18BC}"
EndProject
Project("{FAE04EC0-301F-11D3-BF4B-00C04F79EFBC}") = "OnionTDD.Security", "OnionTDD.Infrastructure\OnionTDD.Security\OnionTDD.Security.csproj", "{5A179450-F1E7-4271-B8D4-A65788DAF843}"
EndProject
Project("{FAE04EC0-301F-11D3-BF4B-00C04F79EFBC}") = "OnionTDD.WebApi", "OnionTDD.WebApi\OnionTDD.WebApi\OnionTDD.WebApi.csproj", "{5D3324BA-B6E8-4E57-8028-8A30A2145C26}"
EndProject
Project("{2150E333-8FDC-42A3-9474-1A3956D46DE8}") = "OnionTDD.Core.Tests", "OnionTDD.Core.Tests", "{FB4A9DBE-A5A7-4E53-8F20-07D2C5FE2FA7}"
EndProject
Project("{FAE04EC0-301F-11D3-BF4B-00C04F79EFBC}") = "OnionTDD.Core.Tests", "OnionTDD.Core.Tests\OnionTDD.Core.Tests\OnionTDD.Core.Tests.csproj", "{6CD71615-DBFD-46AB-AB86-08E39B44AB33}"
EndProject
Project("{FAE04EC0-301F-11D3-BF4B-00C04F79EFBC}") = "OnionTDD.Domain.Tests", "OnionTDD.Core.Tests\OnionTDD.Domain.Tests\OnionTDD.Domain.Tests.csproj", "{4193713C-ED83-48B7-89D6-49E047B44037}"
EndProject
Project("{2150E333-8FDC-42A3-9474-1A3956D46DE8}") = "OnionTDD.Infrastructure.Tests", "OnionTDD.Infrastructure.Tests", "{140A208E-6A7C-4732-8F0C-55FFC5A9D66A}"
EndProject
Project("{FAE04EC0-301F-11D3-BF4B-00C04F79EFBC}") = "OnionTDD.DataAccess.Tests", "OnionTDD.Infrastructure.Tests\OnionTDD.DataAccess.Tests\OnionTDD.DataAccess.Tests.csproj", "{CBC20EEF-7499-4270-AFAD-3BCFDADCD707}"
EndProject
Global
	GlobalSection(SolutionConfigurationPlatforms) = preSolution
		Debug|Any CPU = Debug|Any CPU
		Release|Any CPU = Release|Any CPU
	EndGlobalSection
	GlobalSection(NestedProjects) = preSolution
		{87D899BC-08BD-427A-9801-4601F69AD534} = {DB199348-3E7E-4A51-BC31-A0EC6665FBCD}
		{B1984FBF-640F-4FB2-B902-474C1DDA09C7} = {DB199348-3E7E-4A51-BC31-A0EC6665FBCD}
		{CEE25C84-5F7E-4F78-ADFF-5FEDB27F18BC} = {AB30EEA3-ED40-4067-8B94-00D057198821}
		{5A179450-F1E7-4271-B8D4-A65788DAF843} = {AB30EEA3-ED40-4067-8B94-00D057198821}
		{5D3324BA-B6E8-4E57-8028-8A30A2145C26} = {AEE33D5A-3D93-465D-B9B4-DC87E08EEEBD}
		{6CD71615-DBFD-46AB-AB86-08E39B44AB33} = {FB4A9DBE-A5A7-4E53-8F20-07D2C5FE2FA7}
		{4193713C-ED83-48B7-89D6-49E047B44037} = {FB4A9DBE-A5A7-4E53-8F20-07D2C5FE2FA7}
		{CBC20EEF-7499-4270-AFAD-3BCFDADCD707} = {140A208E-6A7C-4732-8F0C-55FFC5A9D66A}
	EndGlobalSection
	GlobalSection(ProjectConfigurationPlatforms) = postSolution
		{87D899BC-08BD-427A-9801-4601F69AD534}.Debug|Any CPU.ActiveCfg = Debug|Any CPU
		{87D899BC-08BD-427A-9801-4601F69AD534}.Debug|Any CPU.Build.0 = Debug|Any CPU
		{87D899BC-08BD-427A-9801-4601F69AD534}.Release|Any CPU.ActiveCfg = Release|Any CPU
		{87D899BC-08BD-427A-9801-4601F69AD534}.Release|Any CPU.Build.0 = Release|Any CPU
		{B1984FBF-640F-4FB2-B902-474C1DDA09C7}.Debug|Any CPU.ActiveCfg = Debug|Any CPU
		{B1984FBF-640F-4FB2-B902-474C1DDA09C7}.Debug|Any CPU.Build.0 = Debug|Any CPU
		{B1984FBF-640F-4FB2-B902-474C1DDA09C7}.Release|Any CPU.ActiveCfg = Release|Any CPU
		{B1984FBF-640F-4FB2-B902-474C1DDA09C7}.Release|Any CPU.Build.0 = Release|Any CPU
		{CEE25C84-5F7E-4F78-ADFF-5FEDB27F18BC}.Debug|Any CPU.ActiveCfg = Debug|Any CPU
		{CEE25C84-5F7E-4F78-ADFF-5FEDB27F18BC}.Debug|Any CPU.Build.0 = Debug|Any CPU
		{CEE25C84-5F7E-4F78-ADFF-5FEDB27F18BC}.Release|Any CPU.ActiveCfg = Release|Any CPU
		{CEE25C84-5F7E-4F78-ADFF-5FEDB27F18BC}.Release|Any CPU.Build.0 = Release|Any CPU
		{5A179450-F1E7-4271-B8D4-A65788DAF843}.Debug|Any CPU.ActiveCfg = Debug|Any CPU
		{5A179450-F1E7-4271-B8D4-A65788DAF843}.Debug|Any CPU.Build.0 = Debug|Any CPU
		{5A179450-F1E7-4271-B8D4-A65788DAF843}.Release|Any CPU.ActiveCfg = Release|Any CPU
		{5A179450-F1E7-4271-B8D4-A65788DAF843}.Release|Any CPU.Build.0 = Release|Any CPU
		{5D3324BA-B6E8-4E57-8028-8A30A2145C26}.Debug|Any CPU.ActiveCfg = Debug|Any CPU
		{5D3324BA-B6E8-4E57-8028-8A30A2145C26}.Debug|Any CPU.Build.0 = Debug|Any CPU
		{5D3324BA-B6E8-4E57-8028-8A30A2145C26}.Release|Any CPU.ActiveCfg = Release|Any CPU
		{5D3324BA-B6E8-4E57-8028-8A30A2145C26}.Release|Any CPU.Build.0 = Release|Any CPU
		{6CD71615-DBFD-46AB-AB86-08E39B44AB33}.Debug|Any CPU.ActiveCfg = Debug|Any CPU
		{6CD71615-DBFD-46AB-AB86-08E39B44AB33}.Debug|Any CPU.Build.0 = Debug|Any CPU
		{6CD71615-DBFD-46AB-AB86-08E39B44AB33}.Release|Any CPU.ActiveCfg = Release|Any CPU
		{6CD71615-DBFD-46AB-AB86-08E39B44AB33}.Release|Any CPU.Build.0 = Release|Any CPU
		{4193713C-ED83-48B7-89D6-49E047B44037}.Debug|Any CPU.ActiveCfg = Debug|Any CPU
		{4193713C-ED83-48B7-89D6-49E047B44037}.Debug|Any CPU.Build.0 = Debug|Any CPU
		{4193713C-ED83-48B7-89D6-49E047B44037}.Release|Any CPU.ActiveCfg = Release|Any CPU
		{4193713C-ED83-48B7-89D6-49E047B44037}.Release|Any CPU.Build.0 = Release|Any CPU
		{CBC20EEF-7499-4270-AFAD-3BCFDADCD707}.Debug|Any CPU.ActiveCfg = Debug|Any CPU
		{CBC20EEF-7499-4270-AFAD-3BCFDADCD707}.Debug|Any CPU.Build.0 = Debug|Any CPU
		{CBC20EEF-7499-4270-AFAD-3BCFDADCD707}.Release|Any CPU.ActiveCfg = Release|Any CPU
		{CBC20EEF-7499-4270-AFAD-3BCFDADCD707}.Release|Any CPU.Build.0 = Release|Any CPU
	EndGlobalSection
EndGlobal
